
Microsoft Visual Studio Solution File, Format Version 12.00
# Visual Studio Version 17
VisualStudioVersion = 17.1.32228.430
MinimumVisualStudioVersion = 10.0.40219.1
Project("{FAE04EC0-301F-11D3-BF4B-00C04F79EFBC}") = "proj03_01_TemperatureConverter", "proj03_01_TemperatureConverter\proj03_01_TemperatureConverter.csproj", "{30113E25-BE48-4E79-98D6-A47D08188DA4}"
EndProject
Global
	GlobalSection(SolutionConfigurationPlatforms) = preSolution
		Debug|Any CPU = Debug|Any CPU
		Release|Any CPU = Release|Any CPU
	EndGlobalSection
	GlobalSection(ProjectConfigurationPlatforms) = postSolution
		{30113E25-BE48-4E79-98D6-A47D08188DA4}.Debug|Any CPU.ActiveCfg = Debug|Any CPU
		{30113E25-BE48-4E79-98D6-A47D08188DA4}.Debug|Any CPU.Build.0 = Debug|Any CPU
		{30113E25-BE48-4E79-98D6-A47D08188DA4}.Release|Any CPU.ActiveCfg = Release|Any CPU
		{30113E25-BE48-4E79-98D6-A47D08188DA4}.Release|Any CPU.Build.0 = Release|Any CPU
	EndGlobalSection
	GlobalSection(SolutionProperties) = preSolution
		HideSolutionNode = FALSE
	EndGlobalSection
	GlobalSection(ExtensibilityGlobals) = postSolution
		SolutionGuid = {047E3F91-BC3F-4D3B-BE07-5CF76DFF27BF}
	EndGlobalSection
EndGlobal
