
Microsoft Visual Studio Solution File, Format Version 12.00
# Visual Studio Version 17
VisualStudioVersion = 17.1.32414.318
MinimumVisualStudioVersion = 10.0.40219.1
Project("{FAE04EC0-301F-11D3-BF4B-00C04F79EFBC}") = "ch02_ex3_Invoice", "ch02_ex3_Invoice\ch02_ex3_Invoice.csproj", "{FCC2EE04-A15B-4DFE-8E99-3ECC8B7D62B3}"
EndProject
Global
	GlobalSection(SolutionConfigurationPlatforms) = preSolution
		Debug|Any CPU = Debug|Any CPU
		Release|Any CPU = Release|Any CPU
	EndGlobalSection
	GlobalSection(ProjectConfigurationPlatforms) = postSolution
		{FCC2EE04-A15B-4DFE-8E99-3ECC8B7D62B3}.Debug|Any CPU.ActiveCfg = Debug|Any CPU
		{FCC2EE04-A15B-4DFE-8E99-3ECC8B7D62B3}.Debug|Any CPU.Build.0 = Debug|Any CPU
		{FCC2EE04-A15B-4DFE-8E99-3ECC8B7D62B3}.Release|Any CPU.ActiveCfg = Release|Any CPU
		{FCC2EE04-A15B-4DFE-8E99-3ECC8B7D62B3}.Release|Any CPU.Build.0 = Release|Any CPU
	EndGlobalSection
	GlobalSection(SolutionProperties) = preSolution
		HideSolutionNode = FALSE
	EndGlobalSection
	GlobalSection(ExtensibilityGlobals) = postSolution
		SolutionGuid = {1A60BB17-7D5E-4E9F-849D-92A0D8DC6328}
	EndGlobalSection
EndGlobal
