
Microsoft Visual Studio Solution File, Format Version 12.00
# Visual Studio Version 17
VisualStudioVersion = 17.1.32228.430
MinimumVisualStudioVersion = 10.0.40219.1
Project("{FAE04EC0-301F-11D3-BF4B-00C04F79EFBC}") = "MoreIfStatements", "MoreIfStatements\MoreIfStatements.csproj", "{EBA18914-2F57-4DFA-BC50-B447E9F9E0AC}"
EndProject
Global
	GlobalSection(SolutionConfigurationPlatforms) = preSolution
		Debug|Any CPU = Debug|Any CPU
		Release|Any CPU = Release|Any CPU
	EndGlobalSection
	GlobalSection(ProjectConfigurationPlatforms) = postSolution
		{EBA18914-2F57-4DFA-BC50-B447E9F9E0AC}.Debug|Any CPU.ActiveCfg = Debug|Any CPU
		{EBA18914-2F57-4DFA-BC50-B447E9F9E0AC}.Debug|Any CPU.Build.0 = Debug|Any CPU
		{EBA18914-2F57-4DFA-BC50-B447E9F9E0AC}.Release|Any CPU.ActiveCfg = Release|Any CPU
		{EBA18914-2F57-4DFA-BC50-B447E9F9E0AC}.Release|Any CPU.Build.0 = Release|Any CPU
	EndGlobalSection
	GlobalSection(SolutionProperties) = preSolution
		HideSolutionNode = FALSE
	EndGlobalSection
	GlobalSection(ExtensibilityGlobals) = postSolution
		SolutionGuid = {9D58CBB6-5326-4BCB-8D4F-B29902BF4343}
	EndGlobalSection
EndGlobal
