
Microsoft Visual Studio Solution File, Format Version 12.00
# Visual Studio Version 17
VisualStudioVersion = 17.1.32228.430
MinimumVisualStudioVersion = 10.0.40219.1
Project("{FAE04EC0-301F-11D3-BF4B-00C04F79EFBC}") = "DataTypes", "DataTypes\DataTypes.csproj", "{1FD2AB3C-E054-4D47-B5E2-ABB604498581}"
EndProject
Global
	GlobalSection(SolutionConfigurationPlatforms) = preSolution
		Debug|Any CPU = Debug|Any CPU
		Release|Any CPU = Release|Any CPU
	EndGlobalSection
	GlobalSection(ProjectConfigurationPlatforms) = postSolution
		{1FD2AB3C-E054-4D47-B5E2-ABB604498581}.Debug|Any CPU.ActiveCfg = Debug|Any CPU
		{1FD2AB3C-E054-4D47-B5E2-ABB604498581}.Debug|Any CPU.Build.0 = Debug|Any CPU
		{1FD2AB3C-E054-4D47-B5E2-ABB604498581}.Release|Any CPU.ActiveCfg = Release|Any CPU
		{1FD2AB3C-E054-4D47-B5E2-ABB604498581}.Release|Any CPU.Build.0 = Release|Any CPU
	EndGlobalSection
	GlobalSection(SolutionProperties) = preSolution
		HideSolutionNode = FALSE
	EndGlobalSection
	GlobalSection(ExtensibilityGlobals) = postSolution
		SolutionGuid = {08BDFAAF-60F5-427B-9A5B-7948F692790C}
	EndGlobalSection
EndGlobal
