
Microsoft Visual Studio Solution File, Format Version 12.00
# Visual Studio Version 17
VisualStudioVersion = 17.2.32516.85
MinimumVisualStudioVersion = 10.0.40219.1
Project("{FAE04EC0-301F-11D3-BF4B-00C04F79EFBC}") = "NeuroLiz", "NeuroLiz\NeuroLiz.csproj", "{6680D166-3C23-4CBF-A84B-206C83BB5E7D}"
EndProject
Global
	GlobalSection(SolutionConfigurationPlatforms) = preSolution
		Debug|Any CPU = Debug|Any CPU
		Release|Any CPU = Release|Any CPU
	EndGlobalSection
	GlobalSection(ProjectConfigurationPlatforms) = postSolution
		{6680D166-3C23-4CBF-A84B-206C83BB5E7D}.Debug|Any CPU.ActiveCfg = Debug|Any CPU
		{6680D166-3C23-4CBF-A84B-206C83BB5E7D}.Debug|Any CPU.Build.0 = Debug|Any CPU
		{6680D166-3C23-4CBF-A84B-206C83BB5E7D}.Release|Any CPU.ActiveCfg = Release|Any CPU
		{6680D166-3C23-4CBF-A84B-206C83BB5E7D}.Release|Any CPU.Build.0 = Release|Any CPU
	EndGlobalSection
	GlobalSection(SolutionProperties) = preSolution
		HideSolutionNode = FALSE
	EndGlobalSection
	GlobalSection(ExtensibilityGlobals) = postSolution
		SolutionGuid = {B79D5853-6A77-42CF-AC73-511C10278B8B}
	EndGlobalSection
EndGlobal
